
Microsoft Visual Studio Solution File, Format Version 12.00
# Visual Studio Version 17
VisualStudioVersion = 17.2.32616.157
MinimumVisualStudioVersion = 10.0.40219.1
Project("{FAE04EC0-301F-11D3-BF4B-00C04F79EFBC}") = "BankEncapsulation", "BankEncapsulation\BankEncapsulation.csproj", "{99013FE1-8E8E-42CC-93DB-767D4B712BAD}"
EndProject
Global
	GlobalSection(SolutionConfigurationPlatforms) = preSolution
		Debug|Any CPU = Debug|Any CPU
		Release|Any CPU = Release|Any CPU
	EndGlobalSection
	GlobalSection(ProjectConfigurationPlatforms) = postSolution
		{99013FE1-8E8E-42CC-93DB-767D4B712BAD}.Debug|Any CPU.ActiveCfg = Debug|Any CPU
		{99013FE1-8E8E-42CC-93DB-767D4B712BAD}.Debug|Any CPU.Build.0 = Debug|Any CPU
		{99013FE1-8E8E-42CC-93DB-767D4B712BAD}.Release|Any CPU.ActiveCfg = Release|Any CPU
		{99013FE1-8E8E-42CC-93DB-767D4B712BAD}.Release|Any CPU.Build.0 = Release|Any CPU
	EndGlobalSection
	GlobalSection(SolutionProperties) = preSolution
		HideSolutionNode = FALSE
	EndGlobalSection
	GlobalSection(ExtensibilityGlobals) = postSolution
		SolutionGuid = {F826426A-BA35-45E8-A7BC-9C7A06ADD400}
	EndGlobalSection
EndGlobal
